{
  "name": "minimal_game_client",
  "version": "1.0.0",
  "lockfileVersion": 1,
  "requires": true,
  "dependencies": {
    "@mixer/interactive-node": {
      "version": "2.9.0",
      "resolved": "https://watchmixer.pkgs.visualstudio.com/_packaging/mixer/npm/registry/@mixer/interactive-node/-/interactive-node-2.9.0.tgz",
      "integrity": "sha512-NQob/mBYAAhEUPNrPG5bmaptsixpX9JTLTQHccDnyec7NbXTH1lbg+AmdjBTaB5kTOYzAah7XuGxFEr1dEghsQ==",
      "requires": {
        "deepmerge": "1.5.2"
      }
    },
    "async-limiter": {
      "version": "1.0.0",
      "resolved": "https://registry.npmjs.org/async-limiter/-/async-limiter-1.0.0.tgz",
      "integrity": "sha512-jp/uFnooOiO+L211eZOoSyzpOITMXx1rBITauYykG3BRYPu8h0UcxsPNB04RR5vo4Tyz3+ay17tR6JVf9qzYWg=="
    },
    "deepmerge": {
      "version": "1.5.2",
      "resolved": "https://registry.npmjs.org/deepmerge/-/deepmerge-1.5.2.tgz",
      "integrity": "sha512-95k0GDqvBjZavkuvzx/YqVLv/6YYa17fz6ILMSf7neqQITCPbnfEnQvEgMPNjH4kgobe7+WIL0yJEHku+H3qtQ=="
    },
    "mixer-shortcode-oauth": {
      "version": "1.0.4",
      "resolved": "https://registry.npmjs.org/mixer-shortcode-oauth/-/mixer-shortcode-oauth-1.0.4.tgz",
      "integrity": "sha512-B3SNrJyp5Iozpu7mo2kTeiF8yBllFNBJQhE7iZ70CloPjHpBuZChdNO71pJiQuahWGYWeDK2bC41rNQ882lYkg=="
    },
    "safe-buffer": {
      "version": "5.1.2",
      "resolved": "https://registry.npmjs.org/safe-buffer/-/safe-buffer-5.1.2.tgz",
      "integrity": "sha512-Gd2UZBJDkXlY7GbJxfsE8/nvKkUEU1G38c1siN6QP6a9PT9MmHB8GnpscSmMJSoF8LOIrt8ud/wPtojys4G6+g=="
    },
    "ultron": {
      "version": "1.1.1",
      "resolved": "https://registry.npmjs.org/ultron/-/ultron-1.1.1.tgz",
      "integrity": "sha512-UIEXBNeYmKptWH6z8ZnqTeS8fV74zG0/eRU9VGkpzz+LIJNs8W/zM/L+7ctCkRrgbNnnR0xxw4bKOr0cW0N0Og=="
    },
    "ws": {
      "version": "3.3.3",
      "resolved": "https://registry.npmjs.org/ws/-/ws-3.3.3.tgz",
      "integrity": "sha512-nnWLa/NwZSt4KQJu51MYlCcSQ5g7INpOrOMt4XV8j4dqTXdmlUmSHQ8/oLC069ckre0fRsgfvsKwbTdtKLCDkA==",
      "requires": {
        "async-limiter": "1.0.0",
        "safe-buffer": "5.1.2",
        "ultron": "1.1.1"
      }
    }
  }
}
